
Microsoft Visual Studio Solution File, Format Version 12.00
# Visual Studio 15
VisualStudioVersion = 15.0.28010.2048
MinimumVisualStudioVersion = 10.0.40219.1
Project("{FAE04EC0-301F-11D3-BF4B-00C04F79EFBC}") = "CMDuplicatesFinder", "CMDuplicatesFinder\CMDuplicatesFinder.csproj", "{781C86AC-0C40-4504-9A82-7A6C66A08913}"
EndProject
Global
	GlobalSection(SolutionConfigurationPlatforms) = preSolution
		Debug|Any CPU = Debug|Any CPU
		Release|Any CPU = Release|Any CPU
	EndGlobalSection
	GlobalSection(ProjectConfigurationPlatforms) = postSolution
		{781C86AC-0C40-4504-9A82-7A6C66A08913}.Debug|Any CPU.ActiveCfg = Debug|Any CPU
		{781C86AC-0C40-4504-9A82-7A6C66A08913}.Debug|Any CPU.Build.0 = Debug|Any CPU
		{781C86AC-0C40-4504-9A82-7A6C66A08913}.Release|Any CPU.ActiveCfg = Release|Any CPU
		{781C86AC-0C40-4504-9A82-7A6C66A08913}.Release|Any CPU.Build.0 = Release|Any CPU
	EndGlobalSection
	GlobalSection(SolutionProperties) = preSolution
		HideSolutionNode = FALSE
	EndGlobalSection
	GlobalSection(ExtensibilityGlobals) = postSolution
		SolutionGuid = {FA5AB656-F099-4512-A8FF-E5E5C0568C8C}
	EndGlobalSection
EndGlobal
